{
  "originHash" : "d1d065de59a54920256ca609c0b062ebe27af5767c5be30967bce71ebedc2f63",
  "pins" : [
    {
      "identity" : "advancednsattributedstringpkj",
      "kind" : "remoteSourceControl",
      "location" : "https://github.com/tixomark/AdvancedNSAttributedStringPKJ.git",
      "state" : {
        "revision" : "cbcc1f668b9d004d59727d5bcdc0ea3aa8a1f1e3",
        "version" : "1.3.1"
      }
    },
    {
      "identity" : "keychainpkj",
      "kind" : "remoteSourceControl",
      "location" : "https://github.com/tixomark/KeyChainPKJ.git",
      "state" : {
        "revision" : "cc5580ae0b9443138d2e5a6730c012aed7b7b850",
        "version" : "1.0.0"
      }
    }
  ],
  "version" : 3
}
