// !$*UTF8*$!
{
	archiveVersion = 1;
	classes = {
	};
	objectVersion = 56;
	objects = {

/* Begin PBXBuildFile section */
		9D2BEC982BD6AA0B00337AA0 /* AppDelegate.swift in Sources */ = {isa = PBXBuildFile; fileRef = 9D2BEC972BD6AA0B00337AA0 /* AppDelegate.swift */; };
		9D2BEC9A2BD6AA0B00337AA0 /* SceneDelegate.swift in Sources */ = {isa = PBXBuildFile; fileRef = 9D2BEC992BD6AA0B00337AA0 /* SceneDelegate.swift */; };
		9D2BEC9C2BD6AA0B00337AA0 /* MovieListView.swift in Sources */ = {isa = PBXBuildFile; fileRef = 9D2BEC9B2BD6AA0B00337AA0 /* MovieListView.swift */; };
		9D2BECA12BD6AA0D00337AA0 /* Assets.xcassets in Resources */ = {isa = PBXBuildFile; fileRef = 9D2BECA02BD6AA0D00337AA0 /* Assets.xcassets */; };
		9D2BECA42BD6AA0D00337AA0 /* Base in Resources */ = {isa = PBXBuildFile; fileRef = 9D2BECA32BD6AA0D00337AA0 /* Base */; };
		9D2BECAD2BD6B0DE00337AA0 /* KeyChainPKJ in Frameworks */ = {isa = PBXBuildFile; productRef = 9D2BECAC2BD6B0DE00337AA0 /* KeyChainPKJ */; };
		9D2BECB22BD6B1DE00337AA0 /* .swiftformat in Resources */ = {isa = PBXBuildFile; fileRef = 9D2BECB02BD6B1DE00337AA0 /* .swiftformat */; };
		9D2BECB32BD6B1DE00337AA0 /* .swiftlint.yml in Resources */ = {isa = PBXBuildFile; fileRef = 9D2BECB12BD6B1DE00337AA0 /* .swiftlint.yml */; };
		9D2BECB62BD6BB6100337AA0 /* MovieListViewModel.swift in Sources */ = {isa = PBXBuildFile; fileRef = 9D2BECB52BD6BB6100337AA0 /* MovieListViewModel.swift */; };
		9D2BECB82BD6BC4300337AA0 /* AppCoordinator.swift in Sources */ = {isa = PBXBuildFile; fileRef = 9D2BECB72BD6BC4300337AA0 /* AppCoordinator.swift */; };
		9D2BECBA2BD6BEC500337AA0 /* Coordinator.swift in Sources */ = {isa = PBXBuildFile; fileRef = 9D2BECB92BD6BEC500337AA0 /* Coordinator.swift */; };
		9D2BECBC2BD6BF7100337AA0 /* BaseCoordinator.swift in Sources */ = {isa = PBXBuildFile; fileRef = 9D2BECBB2BD6BF7100337AA0 /* BaseCoordinator.swift */; };
		9D2BECC02BD6C01600337AA0 /* ModuleBuilder.swift in Sources */ = {isa = PBXBuildFile; fileRef = 9D2BECBF2BD6C01600337AA0 /* ModuleBuilder.swift */; };
		9D2BECC22BD6C1A400337AA0 /* MovieListCoordinator.swift in Sources */ = {isa = PBXBuildFile; fileRef = 9D2BECC12BD6C1A400337AA0 /* MovieListCoordinator.swift */; };
/* End PBXBuildFile section */

/* Begin PBXFileReference section */
		9D2BEC942BD6AA0B00337AA0 /* CinemaStar.app */ = {isa = PBXFileReference; explicitFileType = wrapper.application; includeInIndex = 0; path = CinemaStar.app; sourceTree = BUILT_PRODUCTS_DIR; };
		9D2BEC972BD6AA0B00337AA0 /* AppDelegate.swift */ = {isa = PBXFileReference; lastKnownFileType = sourcecode.swift; path = AppDelegate.swift; sourceTree = "<group>"; };
		9D2BEC992BD6AA0B00337AA0 /* SceneDelegate.swift */ = {isa = PBXFileReference; lastKnownFileType = sourcecode.swift; path = SceneDelegate.swift; sourceTree = "<group>"; };
		9D2BEC9B2BD6AA0B00337AA0 /* MovieListView.swift */ = {isa = PBXFileReference; lastKnownFileType = sourcecode.swift; path = MovieListView.swift; sourceTree = "<group>"; };
		9D2BECA02BD6AA0D00337AA0 /* Assets.xcassets */ = {isa = PBXFileReference; lastKnownFileType = folder.assetcatalog; path = Assets.xcassets; sourceTree = "<group>"; };
		9D2BECA32BD6AA0D00337AA0 /* Base */ = {isa = PBXFileReference; lastKnownFileType = file.storyboard; name = Base; path = Base.lproj/LaunchScreen.storyboard; sourceTree = "<group>"; };
		9D2BECA52BD6AA0D00337AA0 /* Info.plist */ = {isa = PBXFileReference; lastKnownFileType = text.plist.xml; path = Info.plist; sourceTree = "<group>"; };
		9D2BECB02BD6B1DE00337AA0 /* .swiftformat */ = {isa = PBXFileReference; fileEncoding = 4; lastKnownFileType = text; path = .swiftformat; sourceTree = "<group>"; };
		9D2BECB12BD6B1DE00337AA0 /* .swiftlint.yml */ = {isa = PBXFileReference; fileEncoding = 4; lastKnownFileType = text.yaml; path = .swiftlint.yml; sourceTree = "<group>"; };
		9D2BECB52BD6BB6100337AA0 /* MovieListViewModel.swift */ = {isa = PBXFileReference; lastKnownFileType = sourcecode.swift; path = MovieListViewModel.swift; sourceTree = "<group>"; };
		9D2BECB72BD6BC4300337AA0 /* AppCoordinator.swift */ = {isa = PBXFileReference; lastKnownFileType = sourcecode.swift; path = AppCoordinator.swift; sourceTree = "<group>"; };
		9D2BECB92BD6BEC500337AA0 /* Coordinator.swift */ = {isa = PBXFileReference; lastKnownFileType = sourcecode.swift; path = Coordinator.swift; sourceTree = "<group>"; };
		9D2BECBB2BD6BF7100337AA0 /* BaseCoordinator.swift */ = {isa = PBXFileReference; lastKnownFileType = sourcecode.swift; path = BaseCoordinator.swift; sourceTree = "<group>"; };
		9D2BECBF2BD6C01600337AA0 /* ModuleBuilder.swift */ = {isa = PBXFileReference; lastKnownFileType = sourcecode.swift; path = ModuleBuilder.swift; sourceTree = "<group>"; };
		9D2BECC12BD6C1A400337AA0 /* MovieListCoordinator.swift */ = {isa = PBXFileReference; lastKnownFileType = sourcecode.swift; path = MovieListCoordinator.swift; sourceTree = "<group>"; };
/* End PBXFileReference section */

/* Begin PBXFrameworksBuildPhase section */
		9D2BEC912BD6AA0B00337AA0 /* Frameworks */ = {
			isa = PBXFrameworksBuildPhase;
			buildActionMask = 2147483647;
			files = (
				9D2BECAD2BD6B0DE00337AA0 /* KeyChainPKJ in Frameworks */,
			);
			runOnlyForDeploymentPostprocessing = 0;
		};
/* End PBXFrameworksBuildPhase section */

/* Begin PBXGroup section */
		9D2BEC8B2BD6AA0B00337AA0 = {
			isa = PBXGroup;
			children = (
				9D2BECB02BD6B1DE00337AA0 /* .swiftformat */,
				9D2BECB12BD6B1DE00337AA0 /* .swiftlint.yml */,
				9D2BEC962BD6AA0B00337AA0 /* CinemaStar */,
				9D2BEC952BD6AA0B00337AA0 /* Products */,
			);
			sourceTree = "<group>";
		};
		9D2BEC952BD6AA0B00337AA0 /* Products */ = {
			isa = PBXGroup;
			children = (
				9D2BEC942BD6AA0B00337AA0 /* CinemaStar.app */,
			);
			name = Products;
			sourceTree = "<group>";
		};
		9D2BEC962BD6AA0B00337AA0 /* CinemaStar */ = {
			isa = PBXGroup;
			children = (
				9D2BEC972BD6AA0B00337AA0 /* AppDelegate.swift */,
				9D2BEC992BD6AA0B00337AA0 /* SceneDelegate.swift */,
				9D2BECB72BD6BC4300337AA0 /* AppCoordinator.swift */,
				9D2BECB92BD6BEC500337AA0 /* Coordinator.swift */,
				9D2BECBB2BD6BF7100337AA0 /* BaseCoordinator.swift */,
				9D2BECBF2BD6C01600337AA0 /* ModuleBuilder.swift */,
				9D2BECB42BD6BA3700337AA0 /* MovieListModule */,
				9D2BECA02BD6AA0D00337AA0 /* Assets.xcassets */,
				9D2BECA22BD6AA0D00337AA0 /* LaunchScreen.storyboard */,
				9D2BECA52BD6AA0D00337AA0 /* Info.plist */,
			);
			path = CinemaStar;
			sourceTree = "<group>";
		};
		9D2BECB42BD6BA3700337AA0 /* MovieListModule */ = {
			isa = PBXGroup;
			children = (
				9D2BECC12BD6C1A400337AA0 /* MovieListCoordinator.swift */,
				9D2BECC32BD6C1AB00337AA0 /* MovieListScreen */,
			);
			path = MovieListModule;
			sourceTree = "<group>";
		};
		9D2BECC32BD6C1AB00337AA0 /* MovieListScreen */ = {
			isa = PBXGroup;
			children = (
				9D2BEC9B2BD6AA0B00337AA0 /* MovieListView.swift */,
				9D2BECB52BD6BB6100337AA0 /* MovieListViewModel.swift */,
			);
			path = MovieListScreen;
			sourceTree = "<group>";
		};
/* End PBXGroup section */

/* Begin PBXNativeTarget section */
		9D2BEC932BD6AA0B00337AA0 /* CinemaStar */ = {
			isa = PBXNativeTarget;
			buildConfigurationList = 9D2BECA82BD6AA0D00337AA0 /* Build configuration list for PBXNativeTarget "CinemaStar" */;
			buildPhases = (
				9D2BEC902BD6AA0B00337AA0 /* Sources */,
				9D2BECAE2BD6B17800337AA0 /* SwiftFormat */,
				9D2BECAF2BD6B19D00337AA0 /* SwiftLint */,
				9D2BEC912BD6AA0B00337AA0 /* Frameworks */,
				9D2BEC922BD6AA0B00337AA0 /* Resources */,
			);
			buildRules = (
			);
			dependencies = (
			);
			name = CinemaStar;
			packageProductDependencies = (
				9D2BECAC2BD6B0DE00337AA0 /* KeyChainPKJ */,
			);
			productName = CinemaStar;
			productReference = 9D2BEC942BD6AA0B00337AA0 /* CinemaStar.app */;
			productType = "com.apple.product-type.application";
		};
/* End PBXNativeTarget section */

/* Begin PBXProject section */
		9D2BEC8C2BD6AA0B00337AA0 /* Project object */ = {
			isa = PBXProject;
			attributes = {
				BuildIndependentTargetsInParallel = 1;
				LastSwiftUpdateCheck = 1530;
				LastUpgradeCheck = 1530;
				TargetAttributes = {
					9D2BEC932BD6AA0B00337AA0 = {
						CreatedOnToolsVersion = 15.3;
					};
				};
			};
			buildConfigurationList = 9D2BEC8F2BD6AA0B00337AA0 /* Build configuration list for PBXProject "CinemaStar" */;
			compatibilityVersion = "Xcode 14.0";
			developmentRegion = en;
			hasScannedForEncodings = 0;
			knownRegions = (
				en,
				Base,
			);
			mainGroup = 9D2BEC8B2BD6AA0B00337AA0;
			packageReferences = (
				9D2BECAB2BD6B0DE00337AA0 /* XCRemoteSwiftPackageReference "KeyChainPKJ" */,
			);
			productRefGroup = 9D2BEC952BD6AA0B00337AA0 /* Products */;
			projectDirPath = "";
			projectRoot = "";
			targets = (
				9D2BEC932BD6AA0B00337AA0 /* CinemaStar */,
			);
		};
/* End PBXProject section */

/* Begin PBXResourcesBuildPhase section */
		9D2BEC922BD6AA0B00337AA0 /* Resources */ = {
			isa = PBXResourcesBuildPhase;
			buildActionMask = 2147483647;
			files = (
				9D2BECB32BD6B1DE00337AA0 /* .swiftlint.yml in Resources */,
				9D2BECA12BD6AA0D00337AA0 /* Assets.xcassets in Resources */,
				9D2BECA42BD6AA0D00337AA0 /* Base in Resources */,
				9D2BECB22BD6B1DE00337AA0 /* .swiftformat in Resources */,
			);
			runOnlyForDeploymentPostprocessing = 0;
		};
/* End PBXResourcesBuildPhase section */

/* Begin PBXShellScriptBuildPhase section */
		9D2BECAE2BD6B17800337AA0 /* SwiftFormat */ = {
			isa = PBXShellScriptBuildPhase;
			alwaysOutOfDate = 1;
			buildActionMask = 2147483647;
			files = (
			);
			inputFileListPaths = (
			);
			inputPaths = (
			);
			name = SwiftFormat;
			outputFileListPaths = (
			);
			outputPaths = (
			);
			runOnlyForDeploymentPostprocessing = 0;
			shellPath = /bin/sh;
			shellScript = "if [[ \"$(uname -m)\" == arm64 ]]; then\n    export PATH=\"/opt/homebrew/bin:$PATH\"\nfi\n\nif which swiftformat > /dev/null; then\n    swiftformat .\nelse\n    echo \"warning: SwiftFormat not installed, download from https://github.com/nicklockwood/SwiftFormat\"\n    exit 1\nfi\n";
			showEnvVarsInLog = 0;
		};
		9D2BECAF2BD6B19D00337AA0 /* SwiftLint */ = {
			isa = PBXShellScriptBuildPhase;
			alwaysOutOfDate = 1;
			buildActionMask = 2147483647;
			files = (
			);
			inputFileListPaths = (
			);
			inputPaths = (
			);
			name = SwiftLint;
			outputFileListPaths = (
			);
			outputPaths = (
			);
			runOnlyForDeploymentPostprocessing = 0;
			shellPath = /bin/sh;
			shellScript = "if [[ \"$(uname -m)\" == arm64 ]]; then\n    export PATH=\"/opt/homebrew/bin:$PATH\"\nfi\n\nif which swiftlint > /dev/null; then\n    swiftlint\nelse\n    echo \"warning: SwiftLint not installed, download from https://github.com/realm/SwiftLint\"\n    exit 1\nfi\n";
			showEnvVarsInLog = 0;
		};
/* End PBXShellScriptBuildPhase section */

/* Begin PBXSourcesBuildPhase section */
		9D2BEC902BD6AA0B00337AA0 /* Sources */ = {
			isa = PBXSourcesBuildPhase;
			buildActionMask = 2147483647;
			files = (
				9D2BEC9C2BD6AA0B00337AA0 /* MovieListView.swift in Sources */,
				9D2BEC982BD6AA0B00337AA0 /* AppDelegate.swift in Sources */,
				9D2BECBA2BD6BEC500337AA0 /* Coordinator.swift in Sources */,
				9D2BECC02BD6C01600337AA0 /* ModuleBuilder.swift in Sources */,
				9D2BECB82BD6BC4300337AA0 /* AppCoordinator.swift in Sources */,
				9D2BECBC2BD6BF7100337AA0 /* BaseCoordinator.swift in Sources */,
				9D2BEC9A2BD6AA0B00337AA0 /* SceneDelegate.swift in Sources */,
				9D2BECB62BD6BB6100337AA0 /* MovieListViewModel.swift in Sources */,
				9D2BECC22BD6C1A400337AA0 /* MovieListCoordinator.swift in Sources */,
			);
			runOnlyForDeploymentPostprocessing = 0;
		};
/* End PBXSourcesBuildPhase section */

/* Begin PBXVariantGroup section */
		9D2BECA22BD6AA0D00337AA0 /* LaunchScreen.storyboard */ = {
			isa = PBXVariantGroup;
			children = (
				9D2BECA32BD6AA0D00337AA0 /* Base */,
			);
			name = LaunchScreen.storyboard;
			sourceTree = "<group>";
		};
/* End PBXVariantGroup section */

/* Begin XCBuildConfiguration section */
		9D2BECA62BD6AA0D00337AA0 /* Debug */ = {
			isa = XCBuildConfiguration;
			buildSettings = {
				ALWAYS_SEARCH_USER_PATHS = NO;
				ASSETCATALOG_COMPILER_GENERATE_SWIFT_ASSET_SYMBOL_EXTENSIONS = YES;
				CLANG_ANALYZER_NONNULL = YES;
				CLANG_ANALYZER_NUMBER_OBJECT_CONVERSION = YES_AGGRESSIVE;
				CLANG_CXX_LANGUAGE_STANDARD = "gnu++20";
				CLANG_ENABLE_MODULES = YES;
				CLANG_ENABLE_OBJC_ARC = YES;
				CLANG_ENABLE_OBJC_WEAK = YES;
				CLANG_WARN_BLOCK_CAPTURE_AUTORELEASING = YES;
				CLANG_WARN_BOOL_CONVERSION = YES;
				CLANG_WARN_COMMA = YES;
				CLANG_WARN_CONSTANT_CONVERSION = YES;
				CLANG_WARN_DEPRECATED_OBJC_IMPLEMENTATIONS = YES;
				CLANG_WARN_DIRECT_OBJC_ISA_USAGE = YES_ERROR;
				CLANG_WARN_DOCUMENTATION_COMMENTS = YES;
				CLANG_WARN_EMPTY_BODY = YES;
				CLANG_WARN_ENUM_CONVERSION = YES;
				CLANG_WARN_INFINITE_RECURSION = YES;
				CLANG_WARN_INT_CONVERSION = YES;
				CLANG_WARN_NON_LITERAL_NULL_CONVERSION = YES;
				CLANG_WARN_OBJC_IMPLICIT_RETAIN_SELF = YES;
				CLANG_WARN_OBJC_LITERAL_CONVERSION = YES;
				CLANG_WARN_OBJC_ROOT_CLASS = YES_ERROR;
				CLANG_WARN_QUOTED_INCLUDE_IN_FRAMEWORK_HEADER = YES;
				CLANG_WARN_RANGE_LOOP_ANALYSIS = YES;
				CLANG_WARN_STRICT_PROTOTYPES = YES;
				CLANG_WARN_SUSPICIOUS_MOVE = YES;
				CLANG_WARN_UNGUARDED_AVAILABILITY = YES_AGGRESSIVE;
				CLANG_WARN_UNREACHABLE_CODE = YES;
				CLANG_WARN__DUPLICATE_METHOD_MATCH = YES;
				COPY_PHASE_STRIP = NO;
				DEBUG_INFORMATION_FORMAT = dwarf;
				ENABLE_STRICT_OBJC_MSGSEND = YES;
				ENABLE_TESTABILITY = YES;
				ENABLE_USER_SCRIPT_SANDBOXING = YES;
				GCC_C_LANGUAGE_STANDARD = gnu17;
				GCC_DYNAMIC_NO_PIC = NO;
				GCC_NO_COMMON_BLOCKS = YES;
				GCC_OPTIMIZATION_LEVEL = 0;
				GCC_PREPROCESSOR_DEFINITIONS = (
					"DEBUG=1",
					"$(inherited)",
				);
				GCC_WARN_64_TO_32_BIT_CONVERSION = YES;
				GCC_WARN_ABOUT_RETURN_TYPE = YES_ERROR;
				GCC_WARN_UNDECLARED_SELECTOR = YES;
				GCC_WARN_UNINITIALIZED_AUTOS = YES_AGGRESSIVE;
				GCC_WARN_UNUSED_FUNCTION = YES;
				GCC_WARN_UNUSED_VARIABLE = YES;
				IPHONEOS_DEPLOYMENT_TARGET = 17.4;
				LOCALIZATION_PREFERS_STRING_CATALOGS = YES;
				MTL_ENABLE_DEBUG_INFO = INCLUDE_SOURCE;
				MTL_FAST_MATH = YES;
				ONLY_ACTIVE_ARCH = YES;
				SDKROOT = iphoneos;
				SWIFT_ACTIVE_COMPILATION_CONDITIONS = "DEBUG $(inherited)";
				SWIFT_OPTIMIZATION_LEVEL = "-Onone";
			};
			name = Debug;
		};
		9D2BECA72BD6AA0D00337AA0 /* Release */ = {
			isa = XCBuildConfiguration;
			buildSettings = {
				ALWAYS_SEARCH_USER_PATHS = NO;
				ASSETCATALOG_COMPILER_GENERATE_SWIFT_ASSET_SYMBOL_EXTENSIONS = YES;
				CLANG_ANALYZER_NONNULL = YES;
				CLANG_ANALYZER_NUMBER_OBJECT_CONVERSION = YES_AGGRESSIVE;
				CLANG_CXX_LANGUAGE_STANDARD = "gnu++20";
				CLANG_ENABLE_MODULES = YES;
				CLANG_ENABLE_OBJC_ARC = YES;
				CLANG_ENABLE_OBJC_WEAK = YES;
				CLANG_WARN_BLOCK_CAPTURE_AUTORELEASING = YES;
				CLANG_WARN_BOOL_CONVERSION = YES;
				CLANG_WARN_COMMA = YES;
				CLANG_WARN_CONSTANT_CONVERSION = YES;
				CLANG_WARN_DEPRECATED_OBJC_IMPLEMENTATIONS = YES;
				CLANG_WARN_DIRECT_OBJC_ISA_USAGE = YES_ERROR;
				CLANG_WARN_DOCUMENTATION_COMMENTS = YES;
				CLANG_WARN_EMPTY_BODY = YES;
				CLANG_WARN_ENUM_CONVERSION = YES;
				CLANG_WARN_INFINITE_RECURSION = YES;
				CLANG_WARN_INT_CONVERSION = YES;
				CLANG_WARN_NON_LITERAL_NULL_CONVERSION = YES;
				CLANG_WARN_OBJC_IMPLICIT_RETAIN_SELF = YES;
				CLANG_WARN_OBJC_LITERAL_CONVERSION = YES;
				CLANG_WARN_OBJC_ROOT_CLASS = YES_ERROR;
				CLANG_WARN_QUOTED_INCLUDE_IN_FRAMEWORK_HEADER = YES;
				CLANG_WARN_RANGE_LOOP_ANALYSIS = YES;
				CLANG_WARN_STRICT_PROTOTYPES = YES;
				CLANG_WARN_SUSPICIOUS_MOVE = YES;
				CLANG_WARN_UNGUARDED_AVAILABILITY = YES_AGGRESSIVE;
				CLANG_WARN_UNREACHABLE_CODE = YES;
				CLANG_WARN__DUPLICATE_METHOD_MATCH = YES;
				COPY_PHASE_STRIP = NO;
				DEBUG_INFORMATION_FORMAT = "dwarf-with-dsym";
				ENABLE_NS_ASSERTIONS = NO;
				ENABLE_STRICT_OBJC_MSGSEND = YES;
				ENABLE_USER_SCRIPT_SANDBOXING = YES;
				GCC_C_LANGUAGE_STANDARD = gnu17;
				GCC_NO_COMMON_BLOCKS = YES;
				GCC_WARN_64_TO_32_BIT_CONVERSION = YES;
				GCC_WARN_ABOUT_RETURN_TYPE = YES_ERROR;
				GCC_WARN_UNDECLARED_SELECTOR = YES;
				GCC_WARN_UNINITIALIZED_AUTOS = YES_AGGRESSIVE;
				GCC_WARN_UNUSED_FUNCTION = YES;
				GCC_WARN_UNUSED_VARIABLE = YES;
				IPHONEOS_DEPLOYMENT_TARGET = 17.4;
				LOCALIZATION_PREFERS_STRING_CATALOGS = YES;
				MTL_ENABLE_DEBUG_INFO = NO;
				MTL_FAST_MATH = YES;
				SDKROOT = iphoneos;
				SWIFT_COMPILATION_MODE = wholemodule;
				VALIDATE_PRODUCT = YES;
			};
			name = Release;
		};
		9D2BECA92BD6AA0D00337AA0 /* Debug */ = {
			isa = XCBuildConfiguration;
			buildSettings = {
				ASSETCATALOG_COMPILER_APPICON_NAME = AppIcon;
				ASSETCATALOG_COMPILER_GLOBAL_ACCENT_COLOR_NAME = AccentColor;
				CODE_SIGN_STYLE = Automatic;
				CURRENT_PROJECT_VERSION = 1;
				ENABLE_USER_SCRIPT_SANDBOXING = NO;
				GENERATE_INFOPLIST_FILE = YES;
				INFOPLIST_FILE = CinemaStar/Info.plist;
				INFOPLIST_KEY_UIApplicationSupportsIndirectInputEvents = YES;
				INFOPLIST_KEY_UILaunchStoryboardName = LaunchScreen;
				INFOPLIST_KEY_UISupportedInterfaceOrientations_iPad = "UIInterfaceOrientationPortrait UIInterfaceOrientationPortraitUpsideDown UIInterfaceOrientationLandscapeLeft UIInterfaceOrientationLandscapeRight";
				INFOPLIST_KEY_UISupportedInterfaceOrientations_iPhone = "UIInterfaceOrientationPortrait UIInterfaceOrientationLandscapeLeft UIInterfaceOrientationLandscapeRight";
				LD_RUNPATH_SEARCH_PATHS = (
					"$(inherited)",
					"@executable_path/Frameworks",
				);
				MARKETING_VERSION = 1.0;
				PRODUCT_BUNDLE_IDENTIFIER = com.tixomark.CinemaStar;
				PRODUCT_NAME = "$(TARGET_NAME)";
				SWIFT_EMIT_LOC_STRINGS = YES;
				SWIFT_VERSION = 5.0;
				TARGETED_DEVICE_FAMILY = "1,2";
			};
			name = Debug;
		};
		9D2BECAA2BD6AA0D00337AA0 /* Release */ = {
			isa = XCBuildConfiguration;
			buildSettings = {
				ASSETCATALOG_COMPILER_APPICON_NAME = AppIcon;
				ASSETCATALOG_COMPILER_GLOBAL_ACCENT_COLOR_NAME = AccentColor;
				CODE_SIGN_STYLE = Automatic;
				CURRENT_PROJECT_VERSION = 1;
				ENABLE_USER_SCRIPT_SANDBOXING = NO;
				GENERATE_INFOPLIST_FILE = YES;
				INFOPLIST_FILE = CinemaStar/Info.plist;
				INFOPLIST_KEY_UIApplicationSupportsIndirectInputEvents = YES;
				INFOPLIST_KEY_UILaunchStoryboardName = LaunchScreen;
				INFOPLIST_KEY_UISupportedInterfaceOrientations_iPad = "UIInterfaceOrientationPortrait UIInterfaceOrientationPortraitUpsideDown UIInterfaceOrientationLandscapeLeft UIInterfaceOrientationLandscapeRight";
				INFOPLIST_KEY_UISupportedInterfaceOrientations_iPhone = "UIInterfaceOrientationPortrait UIInterfaceOrientationLandscapeLeft UIInterfaceOrientationLandscapeRight";
				LD_RUNPATH_SEARCH_PATHS = (
					"$(inherited)",
					"@executable_path/Frameworks",
				);
				MARKETING_VERSION = 1.0;
				PRODUCT_BUNDLE_IDENTIFIER = com.tixomark.CinemaStar;
				PRODUCT_NAME = "$(TARGET_NAME)";
				SWIFT_EMIT_LOC_STRINGS = YES;
				SWIFT_VERSION = 5.0;
				TARGETED_DEVICE_FAMILY = "1,2";
			};
			name = Release;
		};
/* End XCBuildConfiguration section */

/* Begin XCConfigurationList section */
		9D2BEC8F2BD6AA0B00337AA0 /* Build configuration list for PBXProject "CinemaStar" */ = {
			isa = XCConfigurationList;
			buildConfigurations = (
				9D2BECA62BD6AA0D00337AA0 /* Debug */,
				9D2BECA72BD6AA0D00337AA0 /* Release */,
			);
			defaultConfigurationIsVisible = 0;
			defaultConfigurationName = Release;
		};
		9D2BECA82BD6AA0D00337AA0 /* Build configuration list for PBXNativeTarget "CinemaStar" */ = {
			isa = XCConfigurationList;
			buildConfigurations = (
				9D2BECA92BD6AA0D00337AA0 /* Debug */,
				9D2BECAA2BD6AA0D00337AA0 /* Release */,
			);
			defaultConfigurationIsVisible = 0;
			defaultConfigurationName = Release;
		};
/* End XCConfigurationList section */

/* Begin XCRemoteSwiftPackageReference section */
		9D2BECAB2BD6B0DE00337AA0 /* XCRemoteSwiftPackageReference "KeyChainPKJ" */ = {
			isa = XCRemoteSwiftPackageReference;
			repositoryURL = "https://github.com/tixomark/KeyChainPKJ.git";
			requirement = {
				kind = upToNextMajorVersion;
				minimumVersion = 1.0.0;
			};
		};
/* End XCRemoteSwiftPackageReference section */

/* Begin XCSwiftPackageProductDependency section */
		9D2BECAC2BD6B0DE00337AA0 /* KeyChainPKJ */ = {
			isa = XCSwiftPackageProductDependency;
			package = 9D2BECAB2BD6B0DE00337AA0 /* XCRemoteSwiftPackageReference "KeyChainPKJ" */;
			productName = KeyChainPKJ;
		};
/* End XCSwiftPackageProductDependency section */
	};
	rootObject = 9D2BEC8C2BD6AA0B00337AA0 /* Project object */;
}
